// !$*UTF8*$!
{
	archiveVersion = 1;
	classes = {
	};
	objectVersion = 50;
	objects = {

/* Begin PBXBuildFile section */
		4489C4522359D3D1000EAC69 /* AppDelegate.swift in Sources */ = {isa = PBXBuildFile; fileRef = 4489C4512359D3D1000EAC69 /* AppDelegate.swift */; };
		4489C4542359D3D1000EAC69 /* SceneDelegate.swift in Sources */ = {isa = PBXBuildFile; fileRef = 4489C4532359D3D1000EAC69 /* SceneDelegate.swift */; };
		4489C4562359D3D1000EAC69 /* ViewController.swift in Sources */ = {isa = PBXBuildFile; fileRef = 4489C4552359D3D1000EAC69 /* ViewController.swift */; };
		4489C4592359D3D1000EAC69 /* Main.storyboard in Resources */ = {isa = PBXBuildFile; fileRef = 4489C4572359D3D1000EAC69 /* Main.storyboard */; };
		4489C45B2359D3D1000EAC69 /* Assets.xcassets in Resources */ = {isa = PBXBuildFile; fileRef = 4489C45A2359D3D1000EAC69 /* Assets.xcassets */; };
		4489C45E2359D3D1000EAC69 /* LaunchScreen.storyboard in Resources */ = {isa = PBXBuildFile; fileRef = 4489C45C2359D3D1000EAC69 /* LaunchScreen.storyboard */; };
/* End PBXBuildFile section */

/* Begin PBXFileReference section */
		4489C44E2359D3D1000EAC69 /* Projecto6.app */ = {isa = PBXFileReference; explicitFileType = wrapper.application; includeInIndex = 0; path = Projecto6.app; sourceTree = BUILT_PRODUCTS_DIR; };
		4489C4512359D3D1000EAC69 /* AppDelegate.swift */ = {isa = PBXFileReference; lastKnownFileType = sourcecode.swift; path = AppDelegate.swift; sourceTree = "<group>"; };
		4489C4532359D3D1000EAC69 /* SceneDelegate.swift */ = {isa = PBXFileReference; lastKnownFileType = sourcecode.swift; path = SceneDelegate.swift; sourceTree = "<group>"; };
		4489C4552359D3D1000EAC69 /* ViewController.swift */ = {isa = PBXFileReference; lastKnownFileType = sourcecode.swift; path = ViewController.swift; sourceTree = "<group>"; };
		4489C4582359D3D1000EAC69 /* Base */ = {isa = PBXFileReference; lastKnownFileType = file.storyboard; name = Base; path = Base.lproj/Main.storyboard; sourceTree = "<group>"; };
		4489C45A2359D3D1000EAC69 /* Assets.xcassets */ = {isa = PBXFileReference; lastKnownFileType = folder.assetcatalog; path = Assets.xcassets; sourceTree = "<group>"; };
		4489C45D2359D3D1000EAC69 /* Base */ = {isa = PBXFileReference; lastKnownFileType = file.storyboard; name = Base; path = Base.lproj/LaunchScreen.storyboard; sourceTree = "<group>"; };
		4489C45F2359D3D1000EAC69 /* Info.plist */ = {isa = PBXFileReference; lastKnownFileType = text.plist.xml; path = Info.plist; sourceTree = "<group>"; };
/* End PBXFileReference section */

/* Begin PBXFrameworksBuildPhase section */
		4489C44B2359D3D1000EAC69 /* Frameworks */ = {
			isa = PBXFrameworksBuildPhase;
			buildActionMask = 2147483647;
			files = (
			);
			runOnlyForDeploymentPostprocessing = 0;
		};
/* End PBXFrameworksBuildPhase section */

/* Begin PBXGroup section */
		4489C4452359D3D1000EAC69 = {
			isa = PBXGroup;
			children = (
				4489C4502359D3D1000EAC69 /* Projecto6 */,
				4489C44F2359D3D1000EAC69 /* Products */,
			);
			sourceTree = "<group>";
		};
		4489C44F2359D3D1000EAC69 /* Products */ = {
			isa = PBXGroup;
			children = (
				4489C44E2359D3D1000EAC69 /* Projecto6.app */,
			);
			name = Products;
			sourceTree = "<group>";
		};
		4489C4502359D3D1000EAC69 /* Projecto6 */ = {
			isa = PBXGroup;
			children = (
				4489C4512359D3D1000EAC69 /* AppDelegate.swift */,
				4489C4532359D3D1000EAC69 /* SceneDelegate.swift */,
				4489C4552359D3D1000EAC69 /* ViewController.swift */,
				4489C4572359D3D1000EAC69 /* Main.storyboard */,
				4489C45A2359D3D1000EAC69 /* Assets.xcassets */,
				4489C45C2359D3D1000EAC69 /* LaunchScreen.storyboard */,
				4489C45F2359D3D1000EAC69 /* Info.plist */,
			);
			path = Projecto6;
			sourceTree = "<group>";
		};
/* End PBXGroup section */

/* Begin PBXNativeTarget section */
		4489C44D2359D3D1000EAC69 /* Projecto6 */ = {
			isa = PBXNativeTarget;
			buildConfigurationList = 4489C4622359D3D1000EAC69 /* Build configuration list for PBXNativeTarget "Projecto6" */;
			buildPhases = (
				4489C44A2359D3D1000EAC69 /* Sources */,
				4489C44B2359D3D1000EAC69 /* Frameworks */,
				4489C44C2359D3D1000EAC69 /* Resources */,
			);
			buildRules = (
			);
			dependencies = (
			);
			name = Projecto6;
			productName = Projecto6;
			productReference = 4489C44E2359D3D1000EAC69 /* Projecto6.app */;
			productType = "com.apple.product-type.application";
		};
/* End PBXNativeTarget section */

/* Begin PBXProject section */
		4489C4462359D3D1000EAC69 /* Project object */ = {
			isa = PBXProject;
			attributes = {
				LastSwiftUpdateCheck = 1110;
				LastUpgradeCheck = 1110;
				ORGANIZATIONNAME = mati;
				TargetAttributes = {
					4489C44D2359D3D1000EAC69 = {
						CreatedOnToolsVersion = 11.1;
					};
				};
			};
			buildConfigurationList = 4489C4492359D3D1000EAC69 /* Build configuration list for PBXProject "Projecto6" */;
			compatibilityVersion = "Xcode 9.3";
			developmentRegion = en;
			hasScannedForEncodings = 0;
			knownRegions = (
				en,
				Base,
			);
			mainGroup = 4489C4452359D3D1000EAC69;
			productRefGroup = 4489C44F2359D3D1000EAC69 /* Products */;
			projectDirPath = "";
			projectRoot = "";
			targets = (
				4489C44D2359D3D1000EAC69 /* Projecto6 */,
			);
		};
/* End PBXProject section */

/* Begin PBXResourcesBuildPhase section */
		4489C44C2359D3D1000EAC69 /* Resources */ = {
			isa = PBXResourcesBuildPhase;
			buildActionMask = 2147483647;
			files = (
				4489C45E2359D3D1000EAC69 /* LaunchScreen.storyboard in Resources */,
				4489C45B2359D3D1000EAC69 /* Assets.xcassets in Resources */,
				4489C4592359D3D1000EAC69 /* Main.storyboard in Resources */,
			);
			runOnlyForDeploymentPostprocessing = 0;
		};
/* End PBXResourcesBuildPhase section */

/* Begin PBXSourcesBuildPhase section */
		4489C44A2359D3D1000EAC69 /* Sources */ = {
			isa = PBXSourcesBuildPhase;
			buildActionMask = 2147483647;
			files = (
				4489C4562359D3D1000EAC69 /* ViewController.swift in Sources */,
				4489C4522359D3D1000EAC69 /* AppDelegate.swift in Sources */,
				4489C4542359D3D1000EAC69 /* SceneDelegate.swift in Sources */,
			);
			runOnlyForDeploymentPostprocessing = 0;
		};
/* End PBXSourcesBuildPhase section */

/* Begin PBXVariantGroup section */
		4489C4572359D3D1000EAC69 /* Main.storyboard */ = {
			isa = PBXVariantGroup;
			children = (
				4489C4582359D3D1000EAC69 /* Base */,
			);
			name = Main.storyboard;
			sourceTree = "<group>";
		};
		4489C45C2359D3D1000EAC69 /* LaunchScreen.storyboard */ = {
			isa = PBXVariantGroup;
			children = (
				4489C45D2359D3D1000EAC69 /* Base */,
			);
			name = LaunchScreen.storyboard;
			sourceTree = "<group>";
		};
/* End PBXVariantGroup section */

/* Begin XCBuildConfiguration section */
		4489C4602359D3D1000EAC69 /* Debug */ = {
			isa = XCBuildConfiguration;
			buildSettings = {
				ALWAYS_SEARCH_USER_PATHS = NO;
				CLANG_ANALYZER_NONNULL = YES;
				CLANG_ANALYZER_NUMBER_OBJECT_CONVERSION = YES_AGGRESSIVE;
				CLANG_CXX_LANGUAGE_STANDARD = "gnu++14";
				CLANG_CXX_LIBRARY = "libc++";
				CLANG_ENABLE_MODULES = YES;
				CLANG_ENABLE_OBJC_ARC = YES;
				CLANG_ENABLE_OBJC_WEAK = YES;
				CLANG_WARN_BLOCK_CAPTURE_AUTORELEASING = YES;
				CLANG_WARN_BOOL_CONVERSION = YES;
				CLANG_WARN_COMMA = YES;
				CLANG_WARN_CONSTANT_CONVERSION = YES;
				CLANG_WARN_DEPRECATED_OBJC_IMPLEMENTATIONS = YES;
				CLANG_WARN_DIRECT_OBJC_ISA_USAGE = YES_ERROR;
				CLANG_WARN_DOCUMENTATION_COMMENTS = YES;
				CLANG_WARN_EMPTY_BODY = YES;
				CLANG_WARN_ENUM_CONVERSION = YES;
				CLANG_WARN_INFINITE_RECURSION = YES;
				CLANG_WARN_INT_CONVERSION = YES;
				CLANG_WARN_NON_LITERAL_NULL_CONVERSION = YES;
				CLANG_WARN_OBJC_IMPLICIT_RETAIN_SELF = YES;
				CLANG_WARN_OBJC_LITERAL_CONVERSION = YES;
				CLANG_WARN_OBJC_ROOT_CLASS = YES_ERROR;
				CLANG_WARN_RANGE_LOOP_ANALYSIS = YES;
				CLANG_WARN_STRICT_PROTOTYPES = YES;
				CLANG_WARN_SUSPICIOUS_MOVE = YES;
				CLANG_WARN_UNGUARDED_AVAILABILITY = YES_AGGRESSIVE;
				CLANG_WARN_UNREACHABLE_CODE = YES;
				CLANG_WARN__DUPLICATE_METHOD_MATCH = YES;
				COPY_PHASE_STRIP = NO;
				DEBUG_INFORMATION_FORMAT = dwarf;
				ENABLE_STRICT_OBJC_MSGSEND = YES;
				ENABLE_TESTABILITY = YES;
				GCC_C_LANGUAGE_STANDARD = gnu11;
				GCC_DYNAMIC_NO_PIC = NO;
				GCC_NO_COMMON_BLOCKS = YES;
				GCC_OPTIMIZATION_LEVEL = 0;
				GCC_PREPROCESSOR_DEFINITIONS = (
					"DEBUG=1",
					"$(inherited)",
				);
				GCC_WARN_64_TO_32_BIT_CONVERSION = YES;
				GCC_WARN_ABOUT_RETURN_TYPE = YES_ERROR;
				GCC_WARN_UNDECLARED_SELECTOR = YES;
				GCC_WARN_UNINITIALIZED_AUTOS = YES_AGGRESSIVE;
				GCC_WARN_UNUSED_FUNCTION = YES;
				GCC_WARN_UNUSED_VARIABLE = YES;
				IPHONEOS_DEPLOYMENT_TARGET = 13.1;
				MTL_ENABLE_DEBUG_INFO = INCLUDE_SOURCE;
				MTL_FAST_MATH = YES;
				ONLY_ACTIVE_ARCH = YES;
				SDKROOT = iphoneos;
				SWIFT_ACTIVE_COMPILATION_CONDITIONS = DEBUG;
				SWIFT_OPTIMIZATION_LEVEL = "-Onone";
			};
			name = Debug;
		};
		4489C4612359D3D1000EAC69 /* Release */ = {
			isa = XCBuildConfiguration;
			buildSettings = {
				ALWAYS_SEARCH_USER_PATHS = NO;
				CLANG_ANALYZER_NONNULL = YES;
				CLANG_ANALYZER_NUMBER_OBJECT_CONVERSION = YES_AGGRESSIVE;
				CLANG_CXX_LANGUAGE_STANDARD = "gnu++14";
				CLANG_CXX_LIBRARY = "libc++";
				CLANG_ENABLE_MODULES = YES;
				CLANG_ENABLE_OBJC_ARC = YES;
				CLANG_ENABLE_OBJC_WEAK = YES;
				CLANG_WARN_BLOCK_CAPTURE_AUTORELEASING = YES;
				CLANG_WARN_BOOL_CONVERSION = YES;
				CLANG_WARN_COMMA = YES;
				CLANG_WARN_CONSTANT_CONVERSION = YES;
				CLANG_WARN_DEPRECATED_OBJC_IMPLEMENTATIONS = YES;
				CLANG_WARN_DIRECT_OBJC_ISA_USAGE = YES_ERROR;
				CLANG_WARN_DOCUMENTATION_COMMENTS = YES;
				CLANG_WARN_EMPTY_BODY = YES;
				CLANG_WARN_ENUM_CONVERSION = YES;
				CLANG_WARN_INFINITE_RECURSION = YES;
				CLANG_WARN_INT_CONVERSION = YES;
				CLANG_WARN_NON_LITERAL_NULL_CONVERSION = YES;
				CLANG_WARN_OBJC_IMPLICIT_RETAIN_SELF = YES;
				CLANG_WARN_OBJC_LITERAL_CONVERSION = YES;
				CLANG_WARN_OBJC_ROOT_CLASS = YES_ERROR;
				CLANG_WARN_RANGE_LOOP_ANALYSIS = YES;
				CLANG_WARN_STRICT_PROTOTYPES = YES;
				CLANG_WARN_SUSPICIOUS_MOVE = YES;
				CLANG_WARN_UNGUARDED_AVAILABILITY = YES_AGGRESSIVE;
				CLANG_WARN_UNREACHABLE_CODE = YES;
				CLANG_WARN__DUPLICATE_METHOD_MATCH = YES;
				COPY_PHASE_STRIP = NO;
				DEBUG_INFORMATION_FORMAT = "dwarf-with-dsym";
				ENABLE_NS_ASSERTIONS = NO;
				ENABLE_STRICT_OBJC_MSGSEND = YES;
				GCC_C_LANGUAGE_STANDARD = gnu11;
				GCC_NO_COMMON_BLOCKS = YES;
				GCC_WARN_64_TO_32_BIT_CONVERSION = YES;
				GCC_WARN_ABOUT_RETURN_TYPE = YES_ERROR;
				GCC_WARN_UNDECLARED_SELECTOR = YES;
				GCC_WARN_UNINITIALIZED_AUTOS = YES_AGGRESSIVE;
				GCC_WARN_UNUSED_FUNCTION = YES;
				GCC_WARN_UNUSED_VARIABLE = YES;
				IPHONEOS_DEPLOYMENT_TARGET = 13.1;
				MTL_ENABLE_DEBUG_INFO = NO;
				MTL_FAST_MATH = YES;
				SDKROOT = iphoneos;
				SWIFT_COMPILATION_MODE = wholemodule;
				SWIFT_OPTIMIZATION_LEVEL = "-O";
				VALIDATE_PRODUCT = YES;
			};
			name = Release;
		};
		4489C4632359D3D1000EAC69 /* Debug */ = {
			isa = XCBuildConfiguration;
			buildSettings = {
				ASSETCATALOG_COMPILER_APPICON_NAME = AppIcon;
				CODE_SIGN_STYLE = Automatic;
				DEVELOPMENT_TEAM = Q672LBDQRP;
				INFOPLIST_FILE = Projecto6/Info.plist;
				LD_RUNPATH_SEARCH_PATHS = (
					"$(inherited)",
					"@executable_path/Frameworks",
				);
				PRODUCT_BUNDLE_IDENTIFIER = training.swiftland.Projecto6;
				PRODUCT_NAME = "$(TARGET_NAME)";
				SWIFT_VERSION = 5.0;
				TARGETED_DEVICE_FAMILY = 1;
			};
			name = Debug;
		};
		4489C4642359D3D1000EAC69 /* Release */ = {
			isa = XCBuildConfiguration;
			buildSettings = {
				ASSETCATALOG_COMPILER_APPICON_NAME = AppIcon;
				CODE_SIGN_STYLE = Automatic;
				DEVELOPMENT_TEAM = Q672LBDQRP;
				INFOPLIST_FILE = Projecto6/Info.plist;
				LD_RUNPATH_SEARCH_PATHS = (
					"$(inherited)",
					"@executable_path/Frameworks",
				);
				PRODUCT_BUNDLE_IDENTIFIER = training.swiftland.Projecto6;
				PRODUCT_NAME = "$(TARGET_NAME)";
				SWIFT_VERSION = 5.0;
				TARGETED_DEVICE_FAMILY = 1;
			};
			name = Release;
		};
/* End XCBuildConfiguration section */

/* Begin XCConfigurationList section */
		4489C4492359D3D1000EAC69 /* Build configuration list for PBXProject "Projecto6" */ = {
			isa = XCConfigurationList;
			buildConfigurations = (
				4489C4602359D3D1000EAC69 /* Debug */,
				4489C4612359D3D1000EAC69 /* Release */,
			);
			defaultConfigurationIsVisible = 0;
			defaultConfigurationName = Release;
		};
		4489C4622359D3D1000EAC69 /* Build configuration list for PBXNativeTarget "Projecto6" */ = {
			isa = XCConfigurationList;
			buildConfigurations = (
				4489C4632359D3D1000EAC69 /* Debug */,
				4489C4642359D3D1000EAC69 /* Release */,
			);
			defaultConfigurationIsVisible = 0;
			defaultConfigurationName = Release;
		};
/* End XCConfigurationList section */
	};
	rootObject = 4489C4462359D3D1000EAC69 /* Project object */;
}
